
Microsoft Visual Studio Solution File, Format Version 12.00
# Visual Studio Version 17
VisualStudioVersion = 17.0.31903.59
MinimumVisualStudioVersion = 10.0.40219.1
Project("{FAE04EC0-301F-11D3-BF4B-00C04F79EFBC}") = "Hamekoz.Api", "Hamekoz.Api\Hamekoz.Api.csproj", "{96BB8F67-0101-CE9E-C8E8-5877376FEB2F}"
EndProject
Project("{FAE04EC0-301F-11D3-BF4B-00C04F79EFBC}") = "Hamekoz.Api.Tests", "Hamekoz.Api.Tests\Hamekoz.Api.Tests.csproj", "{E01E6A74-0A6F-45CC-964C-7461086E2EEB}"
EndProject
Project("{FAE04EC0-301F-11D3-BF4B-00C04F79EFBC}") = "Hamekoz.Api.Example", "Hamekoz.Api.Example\Hamekoz.Api.Example.csproj", "{87E90DB0-9986-B686-BEB7-4F03CEE6BFBA}"
EndProject
Project("{FAE04EC0-301F-11D3-BF4B-00C04F79EFBC}") = "Hamekoz.NET.Sdk.AppHost", "Hamekoz.NET.Sdk.AppHost\Hamekoz.NET.Sdk.AppHost.csproj", "{9BC56C99-812F-43AA-AAD6-5D26C174C583}"
EndProject
Project("{FAE04EC0-301F-11D3-BF4B-00C04F79EFBC}") = "Hamekoz.NET.Sdk.ServiceDefaults", "Hamekoz.NET.Sdk.ServiceDefaults\Hamekoz.NET.Sdk.ServiceDefaults.csproj", "{07835AA0-B30E-80A1-A43E-EFFD08FFB1A8}"
EndProject
Global
	GlobalSection(SolutionConfigurationPlatforms) = preSolution
		Debug|Any CPU = Debug|Any CPU
		Release|Any CPU = Release|Any CPU
	EndGlobalSection
	GlobalSection(ProjectConfigurationPlatforms) = postSolution
		{96BB8F67-0101-CE9E-C8E8-5877376FEB2F}.Debug|Any CPU.ActiveCfg = Debug|Any CPU
		{96BB8F67-0101-CE9E-C8E8-5877376FEB2F}.Debug|Any CPU.Build.0 = Debug|Any CPU
		{96BB8F67-0101-CE9E-C8E8-5877376FEB2F}.Release|Any CPU.ActiveCfg = Release|Any CPU
		{96BB8F67-0101-CE9E-C8E8-5877376FEB2F}.Release|Any CPU.Build.0 = Release|Any CPU
		{E01E6A74-0A6F-45CC-964C-7461086E2EEB}.Debug|Any CPU.ActiveCfg = Debug|Any CPU
		{E01E6A74-0A6F-45CC-964C-7461086E2EEB}.Debug|Any CPU.Build.0 = Debug|Any CPU
		{E01E6A74-0A6F-45CC-964C-7461086E2EEB}.Release|Any CPU.ActiveCfg = Release|Any CPU
		{E01E6A74-0A6F-45CC-964C-7461086E2EEB}.Release|Any CPU.Build.0 = Release|Any CPU
		{87E90DB0-9986-B686-BEB7-4F03CEE6BFBA}.Debug|Any CPU.ActiveCfg = Debug|Any CPU
		{87E90DB0-9986-B686-BEB7-4F03CEE6BFBA}.Debug|Any CPU.Build.0 = Debug|Any CPU
		{87E90DB0-9986-B686-BEB7-4F03CEE6BFBA}.Release|Any CPU.ActiveCfg = Release|Any CPU
		{87E90DB0-9986-B686-BEB7-4F03CEE6BFBA}.Release|Any CPU.Build.0 = Release|Any CPU
		{9BC56C99-812F-43AA-AAD6-5D26C174C583}.Debug|Any CPU.ActiveCfg = Debug|Any CPU
		{9BC56C99-812F-43AA-AAD6-5D26C174C583}.Debug|Any CPU.Build.0 = Debug|Any CPU
		{9BC56C99-812F-43AA-AAD6-5D26C174C583}.Release|Any CPU.ActiveCfg = Release|Any CPU
		{9BC56C99-812F-43AA-AAD6-5D26C174C583}.Release|Any CPU.Build.0 = Release|Any CPU
		{07835AA0-B30E-80A1-A43E-EFFD08FFB1A8}.Debug|Any CPU.ActiveCfg = Debug|Any CPU
		{07835AA0-B30E-80A1-A43E-EFFD08FFB1A8}.Debug|Any CPU.Build.0 = Debug|Any CPU
		{07835AA0-B30E-80A1-A43E-EFFD08FFB1A8}.Release|Any CPU.ActiveCfg = Release|Any CPU
		{07835AA0-B30E-80A1-A43E-EFFD08FFB1A8}.Release|Any CPU.Build.0 = Release|Any CPU
	EndGlobalSection
	GlobalSection(SolutionProperties) = preSolution
		HideSolutionNode = FALSE
	EndGlobalSection
	GlobalSection(ExtensibilityGlobals) = postSolution
		SolutionGuid = {FE4C7701-FA31-4120-9F65-A6070178082E}
	EndGlobalSection
EndGlobal
